
Microsoft Visual Studio Solution File, Format Version 12.00
# Visual Studio Version 16
VisualStudioVersion = 16.0.31729.503
MinimumVisualStudioVersion = 10.0.40219.1
Project("{FAE04EC0-301F-11D3-BF4B-00C04F79EFBC}") = "Minesweeper_WF", "Minesweeper_WF\Minesweeper_WF.csproj", "{402F579E-5D3C-468D-8E32-4D52E71656C8}"
EndProject
Global
	GlobalSection(SolutionConfigurationPlatforms) = preSolution
		Debug|Any CPU = Debug|Any CPU
		Release|Any CPU = Release|Any CPU
	EndGlobalSection
	GlobalSection(ProjectConfigurationPlatforms) = postSolution
		{402F579E-5D3C-468D-8E32-4D52E71656C8}.Debug|Any CPU.ActiveCfg = Debug|Any CPU
		{402F579E-5D3C-468D-8E32-4D52E71656C8}.Debug|Any CPU.Build.0 = Debug|Any CPU
		{402F579E-5D3C-468D-8E32-4D52E71656C8}.Release|Any CPU.ActiveCfg = Release|Any CPU
		{402F579E-5D3C-468D-8E32-4D52E71656C8}.Release|Any CPU.Build.0 = Release|Any CPU
	EndGlobalSection
	GlobalSection(SolutionProperties) = preSolution
		HideSolutionNode = FALSE
	EndGlobalSection
	GlobalSection(ExtensibilityGlobals) = postSolution
		SolutionGuid = {0B1A1D8C-6782-4FDC-B94E-63156A8D4760}
	EndGlobalSection
EndGlobal
